
Microsoft Visual Studio Solution File, Format Version 12.00
# Visual Studio 2013
VisualStudioVersion = 12.0.30501.0
MinimumVisualStudioVersion = 10.0.40219.1
Project("{FAE04EC0-301F-11D3-BF4B-00C04F79EFBC}") = "OpenSerialOsciloscope", "OpenSerialOsciloscope\OpenSerialOsciloscope.csproj", "{E55A5F74-A27B-4B57-A026-BEFEAD40ADC1}"
EndProject
Project("{54435603-DBB4-11D2-8724-00A0C9A8B90C}") = "SetupOpenSerialOscilloscope", "SetupOpenSerialOscilloscope\SetupOpenSerialOscilloscope.vdproj", "{758C043F-EF40-48B6-8AC5-1C771433CBD8}"
EndProject
Global
	GlobalSection(SolutionConfigurationPlatforms) = preSolution
		Debug|Any CPU = Debug|Any CPU
		Release|Any CPU = Release|Any CPU
	EndGlobalSection
	GlobalSection(ProjectConfigurationPlatforms) = postSolution
		{E55A5F74-A27B-4B57-A026-BEFEAD40ADC1}.Debug|Any CPU.ActiveCfg = Debug|Any CPU
		{E55A5F74-A27B-4B57-A026-BEFEAD40ADC1}.Debug|Any CPU.Build.0 = Debug|Any CPU
		{E55A5F74-A27B-4B57-A026-BEFEAD40ADC1}.Release|Any CPU.ActiveCfg = Release|Any CPU
		{E55A5F74-A27B-4B57-A026-BEFEAD40ADC1}.Release|Any CPU.Build.0 = Release|Any CPU
		{758C043F-EF40-48B6-8AC5-1C771433CBD8}.Debug|Any CPU.ActiveCfg = Debug
		{758C043F-EF40-48B6-8AC5-1C771433CBD8}.Release|Any CPU.ActiveCfg = Release
	EndGlobalSection
	GlobalSection(SolutionProperties) = preSolution
		HideSolutionNode = FALSE
	EndGlobalSection
EndGlobal
